
Microsoft Visual Studio Solution File, Format Version 12.00
# Visual Studio 15
VisualStudioVersion = 15.0.26124.0
MinimumVisualStudioVersion = 15.0.26124.0
Project("{9A19103F-16F7-4668-BE54-9A1E7A4F7556}") = "PipelinesServer", "src\PipelinesServer\PipelinesServer.csproj", "{C84E3793-4AD0-4E81-8D4A-6B9FD9A0DB54}"
EndProject
Project("{9A19103F-16F7-4668-BE54-9A1E7A4F7556}") = "SocketServer", "src\SocketServer\SocketServer.csproj", "{4EECB481-87B2-4C01-9064-17B92BEC6E6A}"
EndProject
Project("{9A19103F-16F7-4668-BE54-9A1E7A4F7556}") = "Client", "src\Client\Client.csproj", "{745621A3-24CB-4FB9-AD0D-7FA82328696E}"
EndProject
Project("{2150E333-8FDC-42A3-9474-1A3956D46DE8}") = "src", "src", "{0233B639-0920-4050-8667-9033DC057387}"
EndProject
Project("{FAE04EC0-301F-11D3-BF4B-00C04F79EFBC}") = "FileStreamClient", "src\FileStreamClient\FileStreamClient.csproj", "{3FE589FA-A86D-497E-9E2E-A02929F80A4D}"
EndProject
Project("{FAE04EC0-301F-11D3-BF4B-00C04F79EFBC}") = "FileStreamServer", "src\FileStreamServer\FileStreamServer.csproj", "{FC88F52F-C419-419F-9D0B-69808D409A18}"
EndProject
Project("{FAE04EC0-301F-11D3-BF4B-00C04F79EFBC}") = "MultiplexDotNet", "src\MultiplexDotNet\MultiplexDotNet.csproj", "{58549117-D348-4446-B49A-D42E5CFE729C}"
EndProject
Project("{2150E333-8FDC-42A3-9474-1A3956D46DE8}") = "test", "test", "{A0E7E2BE-9896-4747-82CA-0E071A8DCC5B}"
EndProject
Project("{FAE04EC0-301F-11D3-BF4B-00C04F79EFBC}") = "MultiplexDotNet.Test", "test\MultiplexDotNet.Test\MultiplexDotNet.Test.csproj", "{7D985F01-2C12-4B2C-A609-E9740AA2CD25}"
EndProject
Project("{FAE04EC0-301F-11D3-BF4B-00C04F79EFBC}") = "Benchmarks", "src\Benchmarks\Benchmarks.csproj", "{3B4B56D1-0743-43E3-AFD6-22FE9694939A}"
EndProject
Global
	GlobalSection(SolutionConfigurationPlatforms) = preSolution
		Debug|Any CPU = Debug|Any CPU
		Debug|x64 = Debug|x64
		Debug|x86 = Debug|x86
		Release|Any CPU = Release|Any CPU
		Release|x64 = Release|x64
		Release|x86 = Release|x86
	EndGlobalSection
	GlobalSection(ProjectConfigurationPlatforms) = postSolution
		{C84E3793-4AD0-4E81-8D4A-6B9FD9A0DB54}.Debug|Any CPU.ActiveCfg = Debug|Any CPU
		{C84E3793-4AD0-4E81-8D4A-6B9FD9A0DB54}.Debug|Any CPU.Build.0 = Debug|Any CPU
		{C84E3793-4AD0-4E81-8D4A-6B9FD9A0DB54}.Debug|x64.ActiveCfg = Debug|Any CPU
		{C84E3793-4AD0-4E81-8D4A-6B9FD9A0DB54}.Debug|x64.Build.0 = Debug|Any CPU
		{C84E3793-4AD0-4E81-8D4A-6B9FD9A0DB54}.Debug|x86.ActiveCfg = Debug|Any CPU
		{C84E3793-4AD0-4E81-8D4A-6B9FD9A0DB54}.Debug|x86.Build.0 = Debug|Any CPU
		{C84E3793-4AD0-4E81-8D4A-6B9FD9A0DB54}.Release|Any CPU.ActiveCfg = Release|Any CPU
		{C84E3793-4AD0-4E81-8D4A-6B9FD9A0DB54}.Release|Any CPU.Build.0 = Release|Any CPU
		{C84E3793-4AD0-4E81-8D4A-6B9FD9A0DB54}.Release|x64.ActiveCfg = Release|Any CPU
		{C84E3793-4AD0-4E81-8D4A-6B9FD9A0DB54}.Release|x64.Build.0 = Release|Any CPU
		{C84E3793-4AD0-4E81-8D4A-6B9FD9A0DB54}.Release|x86.ActiveCfg = Release|Any CPU
		{C84E3793-4AD0-4E81-8D4A-6B9FD9A0DB54}.Release|x86.Build.0 = Release|Any CPU
		{4EECB481-87B2-4C01-9064-17B92BEC6E6A}.Debug|Any CPU.ActiveCfg = Debug|Any CPU
		{4EECB481-87B2-4C01-9064-17B92BEC6E6A}.Debug|Any CPU.Build.0 = Debug|Any CPU
		{4EECB481-87B2-4C01-9064-17B92BEC6E6A}.Debug|x64.ActiveCfg = Debug|Any CPU
		{4EECB481-87B2-4C01-9064-17B92BEC6E6A}.Debug|x64.Build.0 = Debug|Any CPU
		{4EECB481-87B2-4C01-9064-17B92BEC6E6A}.Debug|x86.ActiveCfg = Debug|Any CPU
		{4EECB481-87B2-4C01-9064-17B92BEC6E6A}.Debug|x86.Build.0 = Debug|Any CPU
		{4EECB481-87B2-4C01-9064-17B92BEC6E6A}.Release|Any CPU.ActiveCfg = Release|Any CPU
		{4EECB481-87B2-4C01-9064-17B92BEC6E6A}.Release|Any CPU.Build.0 = Release|Any CPU
		{4EECB481-87B2-4C01-9064-17B92BEC6E6A}.Release|x64.ActiveCfg = Release|Any CPU
		{4EECB481-87B2-4C01-9064-17B92BEC6E6A}.Release|x64.Build.0 = Release|Any CPU
		{4EECB481-87B2-4C01-9064-17B92BEC6E6A}.Release|x86.ActiveCfg = Release|Any CPU
		{4EECB481-87B2-4C01-9064-17B92BEC6E6A}.Release|x86.Build.0 = Release|Any CPU
		{745621A3-24CB-4FB9-AD0D-7FA82328696E}.Debug|Any CPU.ActiveCfg = Debug|Any CPU
		{745621A3-24CB-4FB9-AD0D-7FA82328696E}.Debug|Any CPU.Build.0 = Debug|Any CPU
		{745621A3-24CB-4FB9-AD0D-7FA82328696E}.Debug|x64.ActiveCfg = Debug|Any CPU
		{745621A3-24CB-4FB9-AD0D-7FA82328696E}.Debug|x64.Build.0 = Debug|Any CPU
		{745621A3-24CB-4FB9-AD0D-7FA82328696E}.Debug|x86.ActiveCfg = Debug|Any CPU
		{745621A3-24CB-4FB9-AD0D-7FA82328696E}.Debug|x86.Build.0 = Debug|Any CPU
		{745621A3-24CB-4FB9-AD0D-7FA82328696E}.Release|Any CPU.ActiveCfg = Release|Any CPU
		{745621A3-24CB-4FB9-AD0D-7FA82328696E}.Release|Any CPU.Build.0 = Release|Any CPU
		{745621A3-24CB-4FB9-AD0D-7FA82328696E}.Release|x64.ActiveCfg = Release|Any CPU
		{745621A3-24CB-4FB9-AD0D-7FA82328696E}.Release|x64.Build.0 = Release|Any CPU
		{745621A3-24CB-4FB9-AD0D-7FA82328696E}.Release|x86.ActiveCfg = Release|Any CPU
		{745621A3-24CB-4FB9-AD0D-7FA82328696E}.Release|x86.Build.0 = Release|Any CPU
		{3FE589FA-A86D-497E-9E2E-A02929F80A4D}.Debug|Any CPU.ActiveCfg = Debug|Any CPU
		{3FE589FA-A86D-497E-9E2E-A02929F80A4D}.Debug|Any CPU.Build.0 = Debug|Any CPU
		{3FE589FA-A86D-497E-9E2E-A02929F80A4D}.Debug|x64.ActiveCfg = Debug|Any CPU
		{3FE589FA-A86D-497E-9E2E-A02929F80A4D}.Debug|x64.Build.0 = Debug|Any CPU
		{3FE589FA-A86D-497E-9E2E-A02929F80A4D}.Debug|x86.ActiveCfg = Debug|Any CPU
		{3FE589FA-A86D-497E-9E2E-A02929F80A4D}.Debug|x86.Build.0 = Debug|Any CPU
		{3FE589FA-A86D-497E-9E2E-A02929F80A4D}.Release|Any CPU.ActiveCfg = Release|Any CPU
		{3FE589FA-A86D-497E-9E2E-A02929F80A4D}.Release|Any CPU.Build.0 = Release|Any CPU
		{3FE589FA-A86D-497E-9E2E-A02929F80A4D}.Release|x64.ActiveCfg = Release|Any CPU
		{3FE589FA-A86D-497E-9E2E-A02929F80A4D}.Release|x64.Build.0 = Release|Any CPU
		{3FE589FA-A86D-497E-9E2E-A02929F80A4D}.Release|x86.ActiveCfg = Release|Any CPU
		{3FE589FA-A86D-497E-9E2E-A02929F80A4D}.Release|x86.Build.0 = Release|Any CPU
		{FC88F52F-C419-419F-9D0B-69808D409A18}.Debug|Any CPU.ActiveCfg = Debug|Any CPU
		{FC88F52F-C419-419F-9D0B-69808D409A18}.Debug|Any CPU.Build.0 = Debug|Any CPU
		{FC88F52F-C419-419F-9D0B-69808D409A18}.Debug|x64.ActiveCfg = Debug|Any CPU
		{FC88F52F-C419-419F-9D0B-69808D409A18}.Debug|x64.Build.0 = Debug|Any CPU
		{FC88F52F-C419-419F-9D0B-69808D409A18}.Debug|x86.ActiveCfg = Debug|Any CPU
		{FC88F52F-C419-419F-9D0B-69808D409A18}.Debug|x86.Build.0 = Debug|Any CPU
		{FC88F52F-C419-419F-9D0B-69808D409A18}.Release|Any CPU.ActiveCfg = Release|Any CPU
		{FC88F52F-C419-419F-9D0B-69808D409A18}.Release|Any CPU.Build.0 = Release|Any CPU
		{FC88F52F-C419-419F-9D0B-69808D409A18}.Release|x64.ActiveCfg = Release|Any CPU
		{FC88F52F-C419-419F-9D0B-69808D409A18}.Release|x64.Build.0 = Release|Any CPU
		{FC88F52F-C419-419F-9D0B-69808D409A18}.Release|x86.ActiveCfg = Release|Any CPU
		{FC88F52F-C419-419F-9D0B-69808D409A18}.Release|x86.Build.0 = Release|Any CPU
		{58549117-D348-4446-B49A-D42E5CFE729C}.Debug|Any CPU.ActiveCfg = Debug|Any CPU
		{58549117-D348-4446-B49A-D42E5CFE729C}.Debug|Any CPU.Build.0 = Debug|Any CPU
		{58549117-D348-4446-B49A-D42E5CFE729C}.Debug|x64.ActiveCfg = Debug|Any CPU
		{58549117-D348-4446-B49A-D42E5CFE729C}.Debug|x64.Build.0 = Debug|Any CPU
		{58549117-D348-4446-B49A-D42E5CFE729C}.Debug|x86.ActiveCfg = Debug|Any CPU
		{58549117-D348-4446-B49A-D42E5CFE729C}.Debug|x86.Build.0 = Debug|Any CPU
		{58549117-D348-4446-B49A-D42E5CFE729C}.Release|Any CPU.ActiveCfg = Release|Any CPU
		{58549117-D348-4446-B49A-D42E5CFE729C}.Release|Any CPU.Build.0 = Release|Any CPU
		{58549117-D348-4446-B49A-D42E5CFE729C}.Release|x64.ActiveCfg = Release|Any CPU
		{58549117-D348-4446-B49A-D42E5CFE729C}.Release|x64.Build.0 = Release|Any CPU
		{58549117-D348-4446-B49A-D42E5CFE729C}.Release|x86.ActiveCfg = Release|Any CPU
		{58549117-D348-4446-B49A-D42E5CFE729C}.Release|x86.Build.0 = Release|Any CPU
		{7D985F01-2C12-4B2C-A609-E9740AA2CD25}.Debug|Any CPU.ActiveCfg = Debug|Any CPU
		{7D985F01-2C12-4B2C-A609-E9740AA2CD25}.Debug|Any CPU.Build.0 = Debug|Any CPU
		{7D985F01-2C12-4B2C-A609-E9740AA2CD25}.Debug|x64.ActiveCfg = Debug|Any CPU
		{7D985F01-2C12-4B2C-A609-E9740AA2CD25}.Debug|x64.Build.0 = Debug|Any CPU
		{7D985F01-2C12-4B2C-A609-E9740AA2CD25}.Debug|x86.ActiveCfg = Debug|Any CPU
		{7D985F01-2C12-4B2C-A609-E9740AA2CD25}.Debug|x86.Build.0 = Debug|Any CPU
		{7D985F01-2C12-4B2C-A609-E9740AA2CD25}.Release|Any CPU.ActiveCfg = Release|Any CPU
		{7D985F01-2C12-4B2C-A609-E9740AA2CD25}.Release|Any CPU.Build.0 = Release|Any CPU
		{7D985F01-2C12-4B2C-A609-E9740AA2CD25}.Release|x64.ActiveCfg = Release|Any CPU
		{7D985F01-2C12-4B2C-A609-E9740AA2CD25}.Release|x64.Build.0 = Release|Any CPU
		{7D985F01-2C12-4B2C-A609-E9740AA2CD25}.Release|x86.ActiveCfg = Release|Any CPU
		{7D985F01-2C12-4B2C-A609-E9740AA2CD25}.Release|x86.Build.0 = Release|Any CPU
		{3B4B56D1-0743-43E3-AFD6-22FE9694939A}.Debug|Any CPU.ActiveCfg = Debug|Any CPU
		{3B4B56D1-0743-43E3-AFD6-22FE9694939A}.Debug|Any CPU.Build.0 = Debug|Any CPU
		{3B4B56D1-0743-43E3-AFD6-22FE9694939A}.Debug|x64.ActiveCfg = Debug|Any CPU
		{3B4B56D1-0743-43E3-AFD6-22FE9694939A}.Debug|x64.Build.0 = Debug|Any CPU
		{3B4B56D1-0743-43E3-AFD6-22FE9694939A}.Debug|x86.ActiveCfg = Debug|Any CPU
		{3B4B56D1-0743-43E3-AFD6-22FE9694939A}.Debug|x86.Build.0 = Debug|Any CPU
		{3B4B56D1-0743-43E3-AFD6-22FE9694939A}.Release|Any CPU.ActiveCfg = Release|Any CPU
		{3B4B56D1-0743-43E3-AFD6-22FE9694939A}.Release|Any CPU.Build.0 = Release|Any CPU
		{3B4B56D1-0743-43E3-AFD6-22FE9694939A}.Release|x64.ActiveCfg = Release|Any CPU
		{3B4B56D1-0743-43E3-AFD6-22FE9694939A}.Release|x64.Build.0 = Release|Any CPU
		{3B4B56D1-0743-43E3-AFD6-22FE9694939A}.Release|x86.ActiveCfg = Release|Any CPU
		{3B4B56D1-0743-43E3-AFD6-22FE9694939A}.Release|x86.Build.0 = Release|Any CPU
	EndGlobalSection
	GlobalSection(SolutionProperties) = preSolution
		HideSolutionNode = FALSE
	EndGlobalSection
	GlobalSection(ExtensibilityGlobals) = postSolution
		SolutionGuid = {C4C34E53-9B99-4638-9FA9-33CB8D5EC1F1}
	EndGlobalSection
	GlobalSection(NestedProjects) = preSolution
		{3FE589FA-A86D-497E-9E2E-A02929F80A4D} = {0233B639-0920-4050-8667-9033DC057387}
		{FC88F52F-C419-419F-9D0B-69808D409A18} = {0233B639-0920-4050-8667-9033DC057387}
		{58549117-D348-4446-B49A-D42E5CFE729C} = {0233B639-0920-4050-8667-9033DC057387}
		{7D985F01-2C12-4B2C-A609-E9740AA2CD25} = {A0E7E2BE-9896-4747-82CA-0E071A8DCC5B}
		{3B4B56D1-0743-43E3-AFD6-22FE9694939A} = {0233B639-0920-4050-8667-9033DC057387}
	EndGlobalSection
EndGlobal
